// !$*UTF8*$!
{
	archiveVersion = 1;
	classes = {
	};
	objectVersion = 55;
	objects = {

/* Begin PBXBuildFile section */
		84362D6B27EEFD98007D2234 /* AppDelegate.swift in Sources */ = {isa = PBXBuildFile; fileRef = 84362D6A27EEFD98007D2234 /* AppDelegate.swift */; };
		84362D6D27EEFD98007D2234 /* SceneDelegate.swift in Sources */ = {isa = PBXBuildFile; fileRef = 84362D6C27EEFD98007D2234 /* SceneDelegate.swift */; };
		84362D6F27EEFD98007D2234 /* NoteViewController.swift in Sources */ = {isa = PBXBuildFile; fileRef = 84362D6E27EEFD98007D2234 /* NoteViewController.swift */; };
		84362D7527EEFD98007D2234 /* Trainee_app.xcdatamodeld in Sources */ = {isa = PBXBuildFile; fileRef = 84362D7327EEFD98007D2234 /* Trainee_app.xcdatamodeld */; };
		84362D7727EEFDB3007D2234 /* Assets.xcassets in Resources */ = {isa = PBXBuildFile; fileRef = 84362D7627EEFDB3007D2234 /* Assets.xcassets */; };
		84362D7A27EEFDB3007D2234 /* LaunchScreen.storyboard in Resources */ = {isa = PBXBuildFile; fileRef = 84362D7827EEFDB3007D2234 /* LaunchScreen.storyboard */; };
		84D42E8827F6224C00ED7405 /* NoteModel.swift in Sources */ = {isa = PBXBuildFile; fileRef = 84D42E8727F6224C00ED7405 /* NoteModel.swift */; };
/* End PBXBuildFile section */

/* Begin PBXFileReference section */
		84362D6727EEFD98007D2234 /* Trainee app.app */ = {isa = PBXFileReference; explicitFileType = wrapper.application; includeInIndex = 0; path = "Trainee app.app"; sourceTree = BUILT_PRODUCTS_DIR; };
		84362D6A27EEFD98007D2234 /* AppDelegate.swift */ = {isa = PBXFileReference; lastKnownFileType = sourcecode.swift; path = AppDelegate.swift; sourceTree = "<group>"; };
		84362D6C27EEFD98007D2234 /* SceneDelegate.swift */ = {isa = PBXFileReference; lastKnownFileType = sourcecode.swift; path = SceneDelegate.swift; sourceTree = "<group>"; };
		84362D6E27EEFD98007D2234 /* NoteViewController.swift */ = {isa = PBXFileReference; lastKnownFileType = sourcecode.swift; path = NoteViewController.swift; sourceTree = "<group>"; };
		84362D7427EEFD98007D2234 /* Trainee_app.xcdatamodel */ = {isa = PBXFileReference; lastKnownFileType = wrapper.xcdatamodel; path = Trainee_app.xcdatamodel; sourceTree = "<group>"; };
		84362D7627EEFDB3007D2234 /* Assets.xcassets */ = {isa = PBXFileReference; lastKnownFileType = folder.assetcatalog; path = Assets.xcassets; sourceTree = "<group>"; };
		84362D7927EEFDB3007D2234 /* Base */ = {isa = PBXFileReference; lastKnownFileType = file.storyboard; name = Base; path = Base.lproj/LaunchScreen.storyboard; sourceTree = "<group>"; };
		84362D7B27EEFDB3007D2234 /* Info.plist */ = {isa = PBXFileReference; lastKnownFileType = text.plist.xml; path = Info.plist; sourceTree = "<group>"; };
		84D42E8727F6224C00ED7405 /* NoteModel.swift */ = {isa = PBXFileReference; lastKnownFileType = sourcecode.swift; path = NoteModel.swift; sourceTree = "<group>"; };
/* End PBXFileReference section */

/* Begin PBXFrameworksBuildPhase section */
		84362D6427EEFD98007D2234 /* Frameworks */ = {
			isa = PBXFrameworksBuildPhase;
			buildActionMask = 2147483647;
			files = (
			);
			runOnlyForDeploymentPostprocessing = 0;
		};
/* End PBXFrameworksBuildPhase section */

/* Begin PBXGroup section */
		84362D5E27EEFD97007D2234 = {
			isa = PBXGroup;
			children = (
				84362D6927EEFD98007D2234 /* Trainee app */,
				84362D6827EEFD98007D2234 /* Products */,
			);
			sourceTree = "<group>";
		};
		84362D6827EEFD98007D2234 /* Products */ = {
			isa = PBXGroup;
			children = (
				84362D6727EEFD98007D2234 /* Trainee app.app */,
			);
			name = Products;
			sourceTree = "<group>";
		};
		84362D6927EEFD98007D2234 /* Trainee app */ = {
			isa = PBXGroup;
			children = (
				84D42E8627F6222400ED7405 /* BasicNoteScreen */,
				84D42E8527F6213E00ED7405 /* Delegates */,
				84D42E8427F6210800ED7405 /* BoardsAndAssets */,
				84362D7B27EEFDB3007D2234 /* Info.plist */,
				84362D7327EEFD98007D2234 /* Trainee_app.xcdatamodeld */,
			);
			path = "Trainee app";
			sourceTree = "<group>";
		};
		84D42E8427F6210800ED7405 /* BoardsAndAssets */ = {
			isa = PBXGroup;
			children = (
				84362D7627EEFDB3007D2234 /* Assets.xcassets */,
				84362D7827EEFDB3007D2234 /* LaunchScreen.storyboard */,
			);
			path = BoardsAndAssets;
			sourceTree = "<group>";
		};
		84D42E8527F6213E00ED7405 /* Delegates */ = {
			isa = PBXGroup;
			children = (
				84362D6C27EEFD98007D2234 /* SceneDelegate.swift */,
				84362D6A27EEFD98007D2234 /* AppDelegate.swift */,
			);
			path = Delegates;
			sourceTree = "<group>";
		};
		84D42E8627F6222400ED7405 /* BasicNoteScreen */ = {
			isa = PBXGroup;
			children = (
				84362D6E27EEFD98007D2234 /* NoteViewController.swift */,
				84D42E8727F6224C00ED7405 /* NoteModel.swift */,
			);
			path = BasicNoteScreen;
			sourceTree = "<group>";
		};
/* End PBXGroup section */

/* Begin PBXNativeTarget section */
		84362D6627EEFD98007D2234 /* Trainee app */ = {
			isa = PBXNativeTarget;
			buildConfigurationList = 84362D7E27EEFDB3007D2234 /* Build configuration list for PBXNativeTarget "Trainee app" */;
			buildPhases = (
				843A71AF27F45A34009DF245 /* Lint */,
				84362D6327EEFD98007D2234 /* Sources */,
				84362D6427EEFD98007D2234 /* Frameworks */,
				84362D6527EEFD98007D2234 /* Resources */,
			);
			buildRules = (
			);
			dependencies = (
			);
			name = "Trainee app";
			productName = "Trainee app";
			productReference = 84362D6727EEFD98007D2234 /* Trainee app.app */;
			productType = "com.apple.product-type.application";
		};
/* End PBXNativeTarget section */

/* Begin PBXProject section */
		84362D5F27EEFD97007D2234 /* Project object */ = {
			isa = PBXProject;
			attributes = {
				BuildIndependentTargetsInParallel = 1;
				LastSwiftUpdateCheck = 1330;
				LastUpgradeCheck = 1330;
				TargetAttributes = {
					84362D6627EEFD98007D2234 = {
						CreatedOnToolsVersion = 13.3;
					};
				};
			};
			buildConfigurationList = 84362D6227EEFD97007D2234 /* Build configuration list for PBXProject "Trainee app" */;
			compatibilityVersion = "Xcode 13.0";
			developmentRegion = en;
			hasScannedForEncodings = 0;
			knownRegions = (
				en,
				Base,
			);
			mainGroup = 84362D5E27EEFD97007D2234;
			productRefGroup = 84362D6827EEFD98007D2234 /* Products */;
			projectDirPath = "";
			projectRoot = "";
			targets = (
				84362D6627EEFD98007D2234 /* Trainee app */,
			);
		};
/* End PBXProject section */

/* Begin PBXResourcesBuildPhase section */
		84362D6527EEFD98007D2234 /* Resources */ = {
			isa = PBXResourcesBuildPhase;
			buildActionMask = 2147483647;
			files = (
				84362D7A27EEFDB3007D2234 /* LaunchScreen.storyboard in Resources */,
				84362D7727EEFDB3007D2234 /* Assets.xcassets in Resources */,
			);
			runOnlyForDeploymentPostprocessing = 0;
		};
/* End PBXResourcesBuildPhase section */

/* Begin PBXShellScriptBuildPhase section */
		843A71AF27F45A34009DF245 /* Lint */ = {
			isa = PBXShellScriptBuildPhase;
			buildActionMask = 2147483647;
			files = (
			);
			inputFileListPaths = (
			);
			inputPaths = (
			);
			name = Lint;
			outputFileListPaths = (
			);
			outputPaths = (
			);
			runOnlyForDeploymentPostprocessing = 0;
			shellPath = /bin/sh;
			shellScript = "export PATH=\"$PATH:\"\nexport PATH+=~/\nexport PATH+=\"portable_swiftlint\"\nif which swiftlint > /dev/null; then\n  swiftlint\nelse\n  echo \"warning: SwiftLint not installed, download from https://github.com/realm/SwiftLint\"\nfi\n";
		};
/* End PBXShellScriptBuildPhase section */

/* Begin PBXSourcesBuildPhase section */
		84362D6327EEFD98007D2234 /* Sources */ = {
			isa = PBXSourcesBuildPhase;
			buildActionMask = 2147483647;
			files = (
				84D42E8827F6224C00ED7405 /* NoteModel.swift in Sources */,
				84362D7527EEFD98007D2234 /* Trainee_app.xcdatamodeld in Sources */,
				84362D6F27EEFD98007D2234 /* NoteViewController.swift in Sources */,
				84362D6B27EEFD98007D2234 /* AppDelegate.swift in Sources */,
				84362D6D27EEFD98007D2234 /* SceneDelegate.swift in Sources */,
			);
			runOnlyForDeploymentPostprocessing = 0;
		};
/* End PBXSourcesBuildPhase section */

/* Begin PBXVariantGroup section */
		84362D7827EEFDB3007D2234 /* LaunchScreen.storyboard */ = {
			isa = PBXVariantGroup;
			children = (
				84362D7927EEFDB3007D2234 /* Base */,
			);
			name = LaunchScreen.storyboard;
			sourceTree = "<group>";
		};
/* End PBXVariantGroup section */

/* Begin XCBuildConfiguration section */
		84362D7C27EEFDB3007D2234 /* Debug */ = {
			isa = XCBuildConfiguration;
			buildSettings = {
				ALWAYS_SEARCH_USER_PATHS = NO;
				CLANG_ANALYZER_NONNULL = YES;
				CLANG_ANALYZER_NUMBER_OBJECT_CONVERSION = YES_AGGRESSIVE;
				CLANG_CXX_LANGUAGE_STANDARD = "gnu++17";
				CLANG_ENABLE_MODULES = YES;
				CLANG_ENABLE_OBJC_ARC = YES;
				CLANG_ENABLE_OBJC_WEAK = YES;
				CLANG_WARN_BLOCK_CAPTURE_AUTORELEASING = YES;
				CLANG_WARN_BOOL_CONVERSION = YES;
				CLANG_WARN_COMMA = YES;
				CLANG_WARN_CONSTANT_CONVERSION = YES;
				CLANG_WARN_DEPRECATED_OBJC_IMPLEMENTATIONS = YES;
				CLANG_WARN_DIRECT_OBJC_ISA_USAGE = YES_ERROR;
				CLANG_WARN_DOCUMENTATION_COMMENTS = YES;
				CLANG_WARN_EMPTY_BODY = YES;
				CLANG_WARN_ENUM_CONVERSION = YES;
				CLANG_WARN_INFINITE_RECURSION = YES;
				CLANG_WARN_INT_CONVERSION = YES;
				CLANG_WARN_NON_LITERAL_NULL_CONVERSION = YES;
				CLANG_WARN_OBJC_IMPLICIT_RETAIN_SELF = YES;
				CLANG_WARN_OBJC_LITERAL_CONVERSION = YES;
				CLANG_WARN_OBJC_ROOT_CLASS = YES_ERROR;
				CLANG_WARN_QUOTED_INCLUDE_IN_FRAMEWORK_HEADER = YES;
				CLANG_WARN_RANGE_LOOP_ANALYSIS = YES;
				CLANG_WARN_STRICT_PROTOTYPES = YES;
				CLANG_WARN_SUSPICIOUS_MOVE = YES;
				CLANG_WARN_UNGUARDED_AVAILABILITY = YES_AGGRESSIVE;
				CLANG_WARN_UNREACHABLE_CODE = YES;
				CLANG_WARN__DUPLICATE_METHOD_MATCH = YES;
				COPY_PHASE_STRIP = NO;
				DEBUG_INFORMATION_FORMAT = dwarf;
				ENABLE_STRICT_OBJC_MSGSEND = YES;
				ENABLE_TESTABILITY = YES;
				GCC_C_LANGUAGE_STANDARD = gnu11;
				GCC_DYNAMIC_NO_PIC = NO;
				GCC_NO_COMMON_BLOCKS = YES;
				GCC_OPTIMIZATION_LEVEL = 0;
				GCC_PREPROCESSOR_DEFINITIONS = (
					"DEBUG=1",
					"$(inherited)",
				);
				GCC_WARN_64_TO_32_BIT_CONVERSION = YES;
				GCC_WARN_ABOUT_RETURN_TYPE = YES_ERROR;
				GCC_WARN_UNDECLARED_SELECTOR = YES;
				GCC_WARN_UNINITIALIZED_AUTOS = YES_AGGRESSIVE;
				GCC_WARN_UNUSED_FUNCTION = YES;
				GCC_WARN_UNUSED_VARIABLE = YES;
				IPHONEOS_DEPLOYMENT_TARGET = 15.4;
				MTL_ENABLE_DEBUG_INFO = INCLUDE_SOURCE;
				MTL_FAST_MATH = YES;
				ONLY_ACTIVE_ARCH = YES;
				SDKROOT = iphoneos;
				SWIFT_ACTIVE_COMPILATION_CONDITIONS = DEBUG;
				SWIFT_OPTIMIZATION_LEVEL = "-Onone";
			};
			name = Debug;
		};
		84362D7D27EEFDB3007D2234 /* Release */ = {
			isa = XCBuildConfiguration;
			buildSettings = {
				ALWAYS_SEARCH_USER_PATHS = NO;
				CLANG_ANALYZER_NONNULL = YES;
				CLANG_ANALYZER_NUMBER_OBJECT_CONVERSION = YES_AGGRESSIVE;
				CLANG_CXX_LANGUAGE_STANDARD = "gnu++17";
				CLANG_ENABLE_MODULES = YES;
				CLANG_ENABLE_OBJC_ARC = YES;
				CLANG_ENABLE_OBJC_WEAK = YES;
				CLANG_WARN_BLOCK_CAPTURE_AUTORELEASING = YES;
				CLANG_WARN_BOOL_CONVERSION = YES;
				CLANG_WARN_COMMA = YES;
				CLANG_WARN_CONSTANT_CONVERSION = YES;
				CLANG_WARN_DEPRECATED_OBJC_IMPLEMENTATIONS = YES;
				CLANG_WARN_DIRECT_OBJC_ISA_USAGE = YES_ERROR;
				CLANG_WARN_DOCUMENTATION_COMMENTS = YES;
				CLANG_WARN_EMPTY_BODY = YES;
				CLANG_WARN_ENUM_CONVERSION = YES;
				CLANG_WARN_INFINITE_RECURSION = YES;
				CLANG_WARN_INT_CONVERSION = YES;
				CLANG_WARN_NON_LITERAL_NULL_CONVERSION = YES;
				CLANG_WARN_OBJC_IMPLICIT_RETAIN_SELF = YES;
				CLANG_WARN_OBJC_LITERAL_CONVERSION = YES;
				CLANG_WARN_OBJC_ROOT_CLASS = YES_ERROR;
				CLANG_WARN_QUOTED_INCLUDE_IN_FRAMEWORK_HEADER = YES;
				CLANG_WARN_RANGE_LOOP_ANALYSIS = YES;
				CLANG_WARN_STRICT_PROTOTYPES = YES;
				CLANG_WARN_SUSPICIOUS_MOVE = YES;
				CLANG_WARN_UNGUARDED_AVAILABILITY = YES_AGGRESSIVE;
				CLANG_WARN_UNREACHABLE_CODE = YES;
				CLANG_WARN__DUPLICATE_METHOD_MATCH = YES;
				COPY_PHASE_STRIP = NO;
				DEBUG_INFORMATION_FORMAT = "dwarf-with-dsym";
				ENABLE_NS_ASSERTIONS = NO;
				ENABLE_STRICT_OBJC_MSGSEND = YES;
				GCC_C_LANGUAGE_STANDARD = gnu11;
				GCC_NO_COMMON_BLOCKS = YES;
				GCC_WARN_64_TO_32_BIT_CONVERSION = YES;
				GCC_WARN_ABOUT_RETURN_TYPE = YES_ERROR;
				GCC_WARN_UNDECLARED_SELECTOR = YES;
				GCC_WARN_UNINITIALIZED_AUTOS = YES_AGGRESSIVE;
				GCC_WARN_UNUSED_FUNCTION = YES;
				GCC_WARN_UNUSED_VARIABLE = YES;
				IPHONEOS_DEPLOYMENT_TARGET = 15.4;
				MTL_ENABLE_DEBUG_INFO = NO;
				MTL_FAST_MATH = YES;
				SDKROOT = iphoneos;
				SWIFT_COMPILATION_MODE = wholemodule;
				SWIFT_OPTIMIZATION_LEVEL = "-O";
				VALIDATE_PRODUCT = YES;
			};
			name = Release;
		};
		84362D7F27EEFDB3007D2234 /* Debug */ = {
			isa = XCBuildConfiguration;
			buildSettings = {
				ASSETCATALOG_COMPILER_APPICON_NAME = AppIcon;
				ASSETCATALOG_COMPILER_GLOBAL_ACCENT_COLOR_NAME = AccentColor;
				CODE_SIGN_STYLE = Automatic;
				CURRENT_PROJECT_VERSION = 1;
				DEVELOPMENT_TEAM = 9AA2WVYD3W;
				GENERATE_INFOPLIST_FILE = YES;
				INFOPLIST_FILE = "Trainee app/Info.plist";
				INFOPLIST_KEY_UIApplicationSupportsIndirectInputEvents = YES;
				INFOPLIST_KEY_UILaunchStoryboardName = LaunchScreen;
				INFOPLIST_KEY_UISupportedInterfaceOrientations_iPad = "UIInterfaceOrientationPortrait UIInterfaceOrientationPortraitUpsideDown UIInterfaceOrientationLandscapeLeft UIInterfaceOrientationLandscapeRight";
				INFOPLIST_KEY_UISupportedInterfaceOrientations_iPhone = "UIInterfaceOrientationPortrait UIInterfaceOrientationLandscapeLeft UIInterfaceOrientationLandscapeRight";
				IPHONEOS_DEPLOYMENT_TARGET = 15.0;
				LD_RUNPATH_SEARCH_PATHS = (
					"$(inherited)",
					"@executable_path/Frameworks",
				);
				MARKETING_VERSION = 1.0;
				PRODUCT_BUNDLE_IDENTIFIER = "-112.Trainee-app";
				PRODUCT_NAME = "$(TARGET_NAME)";
				SWIFT_EMIT_LOC_STRINGS = YES;
				SWIFT_VERSION = 5.0;
				TARGETED_DEVICE_FAMILY = 1;
			};
			name = Debug;
		};
		84362D8027EEFDB3007D2234 /* Release */ = {
			isa = XCBuildConfiguration;
			buildSettings = {
				ASSETCATALOG_COMPILER_APPICON_NAME = AppIcon;
				ASSETCATALOG_COMPILER_GLOBAL_ACCENT_COLOR_NAME = AccentColor;
				CODE_SIGN_STYLE = Automatic;
				CURRENT_PROJECT_VERSION = 1;
				DEVELOPMENT_TEAM = 9AA2WVYD3W;
				GENERATE_INFOPLIST_FILE = YES;
				INFOPLIST_FILE = "Trainee app/Info.plist";
				INFOPLIST_KEY_UIApplicationSupportsIndirectInputEvents = YES;
				INFOPLIST_KEY_UILaunchStoryboardName = LaunchScreen;
				INFOPLIST_KEY_UISupportedInterfaceOrientations_iPad = "UIInterfaceOrientationPortrait UIInterfaceOrientationPortraitUpsideDown UIInterfaceOrientationLandscapeLeft UIInterfaceOrientationLandscapeRight";
				INFOPLIST_KEY_UISupportedInterfaceOrientations_iPhone = "UIInterfaceOrientationPortrait UIInterfaceOrientationLandscapeLeft UIInterfaceOrientationLandscapeRight";
				IPHONEOS_DEPLOYMENT_TARGET = 15.0;
				LD_RUNPATH_SEARCH_PATHS = (
					"$(inherited)",
					"@executable_path/Frameworks",
				);
				MARKETING_VERSION = 1.0;
				PRODUCT_BUNDLE_IDENTIFIER = "-112.Trainee-app";
				PRODUCT_NAME = "$(TARGET_NAME)";
				SWIFT_EMIT_LOC_STRINGS = YES;
				SWIFT_VERSION = 5.0;
				TARGETED_DEVICE_FAMILY = 1;
			};
			name = Release;
		};
/* End XCBuildConfiguration section */

/* Begin XCConfigurationList section */
		84362D6227EEFD97007D2234 /* Build configuration list for PBXProject "Trainee app" */ = {
			isa = XCConfigurationList;
			buildConfigurations = (
				84362D7C27EEFDB3007D2234 /* Debug */,
				84362D7D27EEFDB3007D2234 /* Release */,
			);
			defaultConfigurationIsVisible = 0;
			defaultConfigurationName = Release;
		};
		84362D7E27EEFDB3007D2234 /* Build configuration list for PBXNativeTarget "Trainee app" */ = {
			isa = XCConfigurationList;
			buildConfigurations = (
				84362D7F27EEFDB3007D2234 /* Debug */,
				84362D8027EEFDB3007D2234 /* Release */,
			);
			defaultConfigurationIsVisible = 0;
			defaultConfigurationName = Release;
		};
/* End XCConfigurationList section */

/* Begin XCVersionGroup section */
		84362D7327EEFD98007D2234 /* Trainee_app.xcdatamodeld */ = {
			isa = XCVersionGroup;
			children = (
				84362D7427EEFD98007D2234 /* Trainee_app.xcdatamodel */,
			);
			currentVersion = 84362D7427EEFD98007D2234 /* Trainee_app.xcdatamodel */;
			path = Trainee_app.xcdatamodeld;
			sourceTree = "<group>";
			versionGroupType = wrapper.xcdatamodel;
		};
/* End XCVersionGroup section */
	};
	rootObject = 84362D5F27EEFD97007D2234 /* Project object */;
}
